
Microsoft Visual Studio Solution File, Format Version 12.00
# Visual Studio Version 17
VisualStudioVersion = 17.10.34916.146
MinimumVisualStudioVersion = 10.0.40219.1
Project("{FAE04EC0-301F-11D3-BF4B-00C04F79EFBC}") = "WebAppManideep", "WebAppManideep.csproj", "{CF547F11-46FD-4060-832C-2B1F39D4629B}"
EndProject
Global
	GlobalSection(SolutionConfigurationPlatforms) = preSolution
		Debug|Any CPU = Debug|Any CPU
		Release|Any CPU = Release|Any CPU
	EndGlobalSection
	GlobalSection(ProjectConfigurationPlatforms) = postSolution
		{CF547F11-46FD-4060-832C-2B1F39D4629B}.Debug|Any CPU.ActiveCfg = Debug|Any CPU
		{CF547F11-46FD-4060-832C-2B1F39D4629B}.Debug|Any CPU.Build.0 = Debug|Any CPU
		{CF547F11-46FD-4060-832C-2B1F39D4629B}.Release|Any CPU.ActiveCfg = Release|Any CPU
		{CF547F11-46FD-4060-832C-2B1F39D4629B}.Release|Any CPU.Build.0 = Release|Any CPU
	EndGlobalSection
	GlobalSection(SolutionProperties) = preSolution
		HideSolutionNode = FALSE
	EndGlobalSection
	GlobalSection(ExtensibilityGlobals) = postSolution
		SolutionGuid = {4ADBF0F9-7F10-4115-932D-F7C80B38A61E}
	EndGlobalSection
EndGlobal
